// !$*UTF8*$!
{
	archiveVersion = 1;
	classes = {
	};
	objectVersion = 46;
	objects = {

/* Begin PBXBuildFile section */
		D75B722D1D3255AE00104CDB /* AppDelegate.m in Sources */ = {isa = PBXBuildFile; fileRef = D75B722C1D3255AE00104CDB /* AppDelegate.m */; };
		D75B72301D3255AE00104CDB /* main.m in Sources */ = {isa = PBXBuildFile; fileRef = D75B722F1D3255AE00104CDB /* main.m */; };
		D75B72331D3255AE00104CDB /* ViewController.m in Sources */ = {isa = PBXBuildFile; fileRef = D75B72321D3255AE00104CDB /* ViewController.m */; };
		D75B72351D3255AE00104CDB /* Assets.xcassets in Resources */ = {isa = PBXBuildFile; fileRef = D75B72341D3255AE00104CDB /* Assets.xcassets */; };
		D75B72381D3255AE00104CDB /* Main.storyboard in Resources */ = {isa = PBXBuildFile; fileRef = D75B72361D3255AE00104CDB /* Main.storyboard */; };
/* End PBXBuildFile section */

/* Begin PBXContainerItemProxy section */
		D75B72431D3255BC00104CDB /* PBXContainerItemProxy */ = {
			isa = PBXContainerItemProxy;
			containerPortal = D75B723F1D3255BC00104CDB /* XXKit.xcodeproj */;
			proxyType = 2;
			remoteGlobalIDString = D75B72141D32556D00104CDB;
			remoteInfo = XXKit;
		};
/* End PBXContainerItemProxy section */

/* Begin PBXFileReference section */
		D75B72281D3255AE00104CDB /* Demo.app */ = {isa = PBXFileReference; explicitFileType = wrapper.application; includeInIndex = 0; path = Demo.app; sourceTree = BUILT_PRODUCTS_DIR; };
		D75B722B1D3255AE00104CDB /* AppDelegate.h */ = {isa = PBXFileReference; lastKnownFileType = sourcecode.c.h; path = AppDelegate.h; sourceTree = "<group>"; };
		D75B722C1D3255AE00104CDB /* AppDelegate.m */ = {isa = PBXFileReference; lastKnownFileType = sourcecode.c.objc; path = AppDelegate.m; sourceTree = "<group>"; };
		D75B722F1D3255AE00104CDB /* main.m */ = {isa = PBXFileReference; lastKnownFileType = sourcecode.c.objc; path = main.m; sourceTree = "<group>"; };
		D75B72311D3255AE00104CDB /* ViewController.h */ = {isa = PBXFileReference; lastKnownFileType = sourcecode.c.h; path = ViewController.h; sourceTree = "<group>"; };
		D75B72321D3255AE00104CDB /* ViewController.m */ = {isa = PBXFileReference; lastKnownFileType = sourcecode.c.objc; path = ViewController.m; sourceTree = "<group>"; };
		D75B72341D3255AE00104CDB /* Assets.xcassets */ = {isa = PBXFileReference; lastKnownFileType = folder.assetcatalog; path = Assets.xcassets; sourceTree = "<group>"; };
		D75B72371D3255AE00104CDB /* Base */ = {isa = PBXFileReference; lastKnownFileType = file.storyboard; name = Base; path = Base.lproj/Main.storyboard; sourceTree = "<group>"; };
		D75B72391D3255AE00104CDB /* Info.plist */ = {isa = PBXFileReference; lastKnownFileType = text.plist.xml; path = Info.plist; sourceTree = "<group>"; };
		D75B723F1D3255BC00104CDB /* XXKit.xcodeproj */ = {isa = PBXFileReference; lastKnownFileType = "wrapper.pb-project"; name = XXKit.xcodeproj; path = ../XXKit.xcodeproj; sourceTree = "<group>"; };
/* End PBXFileReference section */

/* Begin PBXFrameworksBuildPhase section */
		D75B72251D3255AE00104CDB /* Frameworks */ = {
			isa = PBXFrameworksBuildPhase;
			buildActionMask = 2147483647;
			files = (
			);
			runOnlyForDeploymentPostprocessing = 0;
		};
/* End PBXFrameworksBuildPhase section */

/* Begin PBXGroup section */
		D75B721F1D3255AE00104CDB = {
			isa = PBXGroup;
			children = (
				D75B723F1D3255BC00104CDB /* XXKit.xcodeproj */,
				D75B722A1D3255AE00104CDB /* Demo */,
				D75B72291D3255AE00104CDB /* Products */,
			);
			sourceTree = "<group>";
		};
		D75B72291D3255AE00104CDB /* Products */ = {
			isa = PBXGroup;
			children = (
				D75B72281D3255AE00104CDB /* Demo.app */,
			);
			name = Products;
			sourceTree = "<group>";
		};
		D75B722A1D3255AE00104CDB /* Demo */ = {
			isa = PBXGroup;
			children = (
				D75B722B1D3255AE00104CDB /* AppDelegate.h */,
				D75B722C1D3255AE00104CDB /* AppDelegate.m */,
				D75B72311D3255AE00104CDB /* ViewController.h */,
				D75B72321D3255AE00104CDB /* ViewController.m */,
				D75B72341D3255AE00104CDB /* Assets.xcassets */,
				D75B72361D3255AE00104CDB /* Main.storyboard */,
				D75B72391D3255AE00104CDB /* Info.plist */,
				D75B722E1D3255AE00104CDB /* Supporting Files */,
			);
			path = Demo;
			sourceTree = "<group>";
		};
		D75B722E1D3255AE00104CDB /* Supporting Files */ = {
			isa = PBXGroup;
			children = (
				D75B722F1D3255AE00104CDB /* main.m */,
			);
			name = "Supporting Files";
			sourceTree = "<group>";
		};
		D75B72401D3255BC00104CDB /* Products */ = {
			isa = PBXGroup;
			children = (
				D75B72441D3255BC00104CDB /* XXKit.framework */,
			);
			name = Products;
			sourceTree = "<group>";
		};
/* End PBXGroup section */

/* Begin PBXNativeTarget section */
		D75B72271D3255AE00104CDB /* Demo */ = {
			isa = PBXNativeTarget;
			buildConfigurationList = D75B723C1D3255AE00104CDB /* Build configuration list for PBXNativeTarget "Demo" */;
			buildPhases = (
				D75B72241D3255AE00104CDB /* Sources */,
				D75B72251D3255AE00104CDB /* Frameworks */,
				D75B72261D3255AE00104CDB /* Resources */,
			);
			buildRules = (
			);
			dependencies = (
			);
			name = Demo;
			productName = Demo;
			productReference = D75B72281D3255AE00104CDB /* Demo.app */;
			productType = "com.apple.product-type.application";
		};
/* End PBXNativeTarget section */

/* Begin PBXProject section */
		D75B72201D3255AE00104CDB /* Project object */ = {
			isa = PBXProject;
			attributes = {
				LastUpgradeCheck = 0730;
				ORGANIZATIONNAME = "Chunlin Ma";
				TargetAttributes = {
					D75B72271D3255AE00104CDB = {
						CreatedOnToolsVersion = 7.3;
					};
				};
			};
			buildConfigurationList = D75B72231D3255AE00104CDB /* Build configuration list for PBXProject "Demo" */;
			compatibilityVersion = "Xcode 3.2";
			developmentRegion = English;
			hasScannedForEncodings = 0;
			knownRegions = (
				en,
				Base,
			);
			mainGroup = D75B721F1D3255AE00104CDB;
			productRefGroup = D75B72291D3255AE00104CDB /* Products */;
			projectDirPath = "";
			projectReferences = (
				{
					ProductGroup = D75B72401D3255BC00104CDB /* Products */;
					ProjectRef = D75B723F1D3255BC00104CDB /* XXKit.xcodeproj */;
				},
			);
			projectRoot = "";
			targets = (
				D75B72271D3255AE00104CDB /* Demo */,
			);
		};
/* End PBXProject section */

/* Begin PBXReferenceProxy section */
		D75B72441D3255BC00104CDB /* XXKit.framework */ = {
			isa = PBXReferenceProxy;
			fileType = wrapper.framework;
			path = XXKit.framework;
			remoteRef = D75B72431D3255BC00104CDB /* PBXContainerItemProxy */;
			sourceTree = BUILT_PRODUCTS_DIR;
		};
/* End PBXReferenceProxy section */

/* Begin PBXResourcesBuildPhase section */
		D75B72261D3255AE00104CDB /* Resources */ = {
			isa = PBXResourcesBuildPhase;
			buildActionMask = 2147483647;
			files = (
				D75B72351D3255AE00104CDB /* Assets.xcassets in Resources */,
				D75B72381D3255AE00104CDB /* Main.storyboard in Resources */,
			);
			runOnlyForDeploymentPostprocessing = 0;
		};
/* End PBXResourcesBuildPhase section */

/* Begin PBXSourcesBuildPhase section */
		D75B72241D3255AE00104CDB /* Sources */ = {
			isa = PBXSourcesBuildPhase;
			buildActionMask = 2147483647;
			files = (
				D75B72331D3255AE00104CDB /* ViewController.m in Sources */,
				D75B72301D3255AE00104CDB /* main.m in Sources */,
				D75B722D1D3255AE00104CDB /* AppDelegate.m in Sources */,
			);
			runOnlyForDeploymentPostprocessing = 0;
		};
/* End PBXSourcesBuildPhase section */

/* Begin PBXVariantGroup section */
		D75B72361D3255AE00104CDB /* Main.storyboard */ = {
			isa = PBXVariantGroup;
			children = (
				D75B72371D3255AE00104CDB /* Base */,
			);
			name = Main.storyboard;
			sourceTree = "<group>";
		};
/* End PBXVariantGroup section */

/* Begin XCBuildConfiguration section */
		D75B723A1D3255AE00104CDB /* Debug */ = {
			isa = XCBuildConfiguration;
			buildSettings = {
				ALWAYS_SEARCH_USER_PATHS = NO;
				CLANG_ANALYZER_NONNULL = YES;
				CLANG_CXX_LANGUAGE_STANDARD = "gnu++0x";
				CLANG_CXX_LIBRARY = "libc++";
				CLANG_ENABLE_MODULES = YES;
				CLANG_ENABLE_OBJC_ARC = YES;
				CLANG_WARN_BOOL_CONVERSION = YES;
				CLANG_WARN_CONSTANT_CONVERSION = YES;
				CLANG_WARN_DIRECT_OBJC_ISA_USAGE = YES_ERROR;
				CLANG_WARN_EMPTY_BODY = YES;
				CLANG_WARN_ENUM_CONVERSION = YES;
				CLANG_WARN_INT_CONVERSION = YES;
				CLANG_WARN_OBJC_ROOT_CLASS = YES_ERROR;
				CLANG_WARN_UNREACHABLE_CODE = YES;
				CLANG_WARN__DUPLICATE_METHOD_MATCH = YES;
				CODE_SIGN_IDENTITY = "-";
				COPY_PHASE_STRIP = NO;
				DEBUG_INFORMATION_FORMAT = dwarf;
				ENABLE_STRICT_OBJC_MSGSEND = YES;
				ENABLE_TESTABILITY = YES;
				GCC_C_LANGUAGE_STANDARD = gnu99;
				GCC_DYNAMIC_NO_PIC = NO;
				GCC_NO_COMMON_BLOCKS = YES;
				GCC_OPTIMIZATION_LEVEL = 0;
				GCC_PREPROCESSOR_DEFINITIONS = (
					"DEBUG=1",
					"$(inherited)",
				);
				GCC_WARN_64_TO_32_BIT_CONVERSION = YES;
				GCC_WARN_ABOUT_RETURN_TYPE = YES_ERROR;
				GCC_WARN_UNDECLARED_SELECTOR = YES;
				GCC_WARN_UNINITIALIZED_AUTOS = YES_AGGRESSIVE;
				GCC_WARN_UNUSED_FUNCTION = YES;
				GCC_WARN_UNUSED_VARIABLE = YES;
				MACOSX_DEPLOYMENT_TARGET = 10.11;
				MTL_ENABLE_DEBUG_INFO = YES;
				ONLY_ACTIVE_ARCH = YES;
				SDKROOT = macosx;
			};
			name = Debug;
		};
		D75B723B1D3255AE00104CDB /* Release */ = {
			isa = XCBuildConfiguration;
			buildSettings = {
				ALWAYS_SEARCH_USER_PATHS = NO;
				CLANG_ANALYZER_NONNULL = YES;
				CLANG_CXX_LANGUAGE_STANDARD = "gnu++0x";
				CLANG_CXX_LIBRARY = "libc++";
				CLANG_ENABLE_MODULES = YES;
				CLANG_ENABLE_OBJC_ARC = YES;
				CLANG_WARN_BOOL_CONVERSION = YES;
				CLANG_WARN_CONSTANT_CONVERSION = YES;
				CLANG_WARN_DIRECT_OBJC_ISA_USAGE = YES_ERROR;
				CLANG_WARN_EMPTY_BODY = YES;
				CLANG_WARN_ENUM_CONVERSION = YES;
				CLANG_WARN_INT_CONVERSION = YES;
				CLANG_WARN_OBJC_ROOT_CLASS = YES_ERROR;
				CLANG_WARN_UNREACHABLE_CODE = YES;
				CLANG_WARN__DUPLICATE_METHOD_MATCH = YES;
				CODE_SIGN_IDENTITY = "-";
				COPY_PHASE_STRIP = NO;
				DEBUG_INFORMATION_FORMAT = "dwarf-with-dsym";
				ENABLE_NS_ASSERTIONS = NO;
				ENABLE_STRICT_OBJC_MSGSEND = YES;
				GCC_C_LANGUAGE_STANDARD = gnu99;
				GCC_NO_COMMON_BLOCKS = YES;
				GCC_WARN_64_TO_32_BIT_CONVERSION = YES;
				GCC_WARN_ABOUT_RETURN_TYPE = YES_ERROR;
				GCC_WARN_UNDECLARED_SELECTOR = YES;
				GCC_WARN_UNINITIALIZED_AUTOS = YES_AGGRESSIVE;
				GCC_WARN_UNUSED_FUNCTION = YES;
				GCC_WARN_UNUSED_VARIABLE = YES;
				MACOSX_DEPLOYMENT_TARGET = 10.11;
				MTL_ENABLE_DEBUG_INFO = NO;
				SDKROOT = macosx;
			};
			name = Release;
		};
		D75B723D1D3255AE00104CDB /* Debug */ = {
			isa = XCBuildConfiguration;
			buildSettings = {
				ASSETCATALOG_COMPILER_APPICON_NAME = AppIcon;
				COMBINE_HIDPI_IMAGES = YES;
				INFOPLIST_FILE = Demo/Info.plist;
				LD_RUNPATH_SEARCH_PATHS = "$(inherited) @executable_path/../Frameworks";
				PRODUCT_BUNDLE_IDENTIFIER = com.chunlinpage.Demo;
				PRODUCT_NAME = "$(TARGET_NAME)";
			};
			name = Debug;
		};
		D75B723E1D3255AE00104CDB /* Release */ = {
			isa = XCBuildConfiguration;
			buildSettings = {
				ASSETCATALOG_COMPILER_APPICON_NAME = AppIcon;
				COMBINE_HIDPI_IMAGES = YES;
				INFOPLIST_FILE = Demo/Info.plist;
				LD_RUNPATH_SEARCH_PATHS = "$(inherited) @executable_path/../Frameworks";
				PRODUCT_BUNDLE_IDENTIFIER = com.chunlinpage.Demo;
				PRODUCT_NAME = "$(TARGET_NAME)";
			};
			name = Release;
		};
/* End XCBuildConfiguration section */

/* Begin XCConfigurationList section */
		D75B72231D3255AE00104CDB /* Build configuration list for PBXProject "Demo" */ = {
			isa = XCConfigurationList;
			buildConfigurations = (
				D75B723A1D3255AE00104CDB /* Debug */,
				D75B723B1D3255AE00104CDB /* Release */,
			);
			defaultConfigurationIsVisible = 0;
			defaultConfigurationName = Release;
		};
		D75B723C1D3255AE00104CDB /* Build configuration list for PBXNativeTarget "Demo" */ = {
			isa = XCConfigurationList;
			buildConfigurations = (
				D75B723D1D3255AE00104CDB /* Debug */,
				D75B723E1D3255AE00104CDB /* Release */,
			);
			defaultConfigurationIsVisible = 0;
		};
/* End XCConfigurationList section */
	};
	rootObject = D75B72201D3255AE00104CDB /* Project object */;
}
